
Microsoft Visual Studio Solution File, Format Version 12.00
# Visual Studio Version 17
VisualStudioVersion = 17.5.33414.496
MinimumVisualStudioVersion = 10.0.40219.1
Project("{FAE04EC0-301F-11D3-BF4B-00C04F79EFBC}") = "Shapes", "Shapes\Shapes.csproj", "{FD4BA623-2307-4C8C-80DA-0F0FBECA665A}"
EndProject
Project("{FAE04EC0-301F-11D3-BF4B-00C04F79EFBC}") = "Cars", "Cars\Cars.csproj", "{8C6ED5B4-8C87-438F-B57C-5205CF968ABE}"
EndProject
Global
	GlobalSection(SolutionConfigurationPlatforms) = preSolution
		Debug|Any CPU = Debug|Any CPU
		Release|Any CPU = Release|Any CPU
	EndGlobalSection
	GlobalSection(ProjectConfigurationPlatforms) = postSolution
		{FD4BA623-2307-4C8C-80DA-0F0FBECA665A}.Debug|Any CPU.ActiveCfg = Debug|Any CPU
		{FD4BA623-2307-4C8C-80DA-0F0FBECA665A}.Debug|Any CPU.Build.0 = Debug|Any CPU
		{FD4BA623-2307-4C8C-80DA-0F0FBECA665A}.Release|Any CPU.ActiveCfg = Release|Any CPU
		{FD4BA623-2307-4C8C-80DA-0F0FBECA665A}.Release|Any CPU.Build.0 = Release|Any CPU
		{8C6ED5B4-8C87-438F-B57C-5205CF968ABE}.Debug|Any CPU.ActiveCfg = Debug|Any CPU
		{8C6ED5B4-8C87-438F-B57C-5205CF968ABE}.Debug|Any CPU.Build.0 = Debug|Any CPU
		{8C6ED5B4-8C87-438F-B57C-5205CF968ABE}.Release|Any CPU.ActiveCfg = Release|Any CPU
		{8C6ED5B4-8C87-438F-B57C-5205CF968ABE}.Release|Any CPU.Build.0 = Release|Any CPU
	EndGlobalSection
	GlobalSection(SolutionProperties) = preSolution
		HideSolutionNode = FALSE
	EndGlobalSection
	GlobalSection(ExtensibilityGlobals) = postSolution
		SolutionGuid = {EB795BB9-38C5-4A1A-9D08-469BB32F75DD}
	EndGlobalSection
EndGlobal
