
Microsoft Visual Studio Solution File, Format Version 12.00
# Visual Studio Version 17
VisualStudioVersion = 17.5.33414.496
MinimumVisualStudioVersion = 10.0.40219.1
Project("{FAE04EC0-301F-11D3-BF4B-00C04F79EFBC}") = "Telephony", "Telephony\Telephony.csproj", "{AC31A48C-6AF3-4C63-83D9-E1112EFCC49E}"
EndProject
Global
	GlobalSection(SolutionConfigurationPlatforms) = preSolution
		Debug|Any CPU = Debug|Any CPU
		Release|Any CPU = Release|Any CPU
	EndGlobalSection
	GlobalSection(ProjectConfigurationPlatforms) = postSolution
		{AC31A48C-6AF3-4C63-83D9-E1112EFCC49E}.Debug|Any CPU.ActiveCfg = Debug|Any CPU
		{AC31A48C-6AF3-4C63-83D9-E1112EFCC49E}.Debug|Any CPU.Build.0 = Debug|Any CPU
		{AC31A48C-6AF3-4C63-83D9-E1112EFCC49E}.Release|Any CPU.ActiveCfg = Release|Any CPU
		{AC31A48C-6AF3-4C63-83D9-E1112EFCC49E}.Release|Any CPU.Build.0 = Release|Any CPU
	EndGlobalSection
	GlobalSection(SolutionProperties) = preSolution
		HideSolutionNode = FALSE
	EndGlobalSection
	GlobalSection(ExtensibilityGlobals) = postSolution
		SolutionGuid = {C632066A-C4A6-4DC2-B2CF-B763C411FBC1}
	EndGlobalSection
EndGlobal
