
Microsoft Visual Studio Solution File, Format Version 12.00
# Visual Studio Version 17
VisualStudioVersion = 17.5.33414.496
MinimumVisualStudioVersion = 10.0.40219.1
Project("{9A19103F-16F7-4668-BE54-9A1E7A4F7556}") = "AnimalFarm", "AnimalFarm\AnimalFarm.csproj", "{9F3A2AD9-BD29-4728-B2DE-DF94C86E5B2B}"
EndProject
Project("{9A19103F-16F7-4668-BE54-9A1E7A4F7556}") = "Box", "Box\Box.csproj", "{00A23683-3020-4997-A089-FEEBAB1D7EC7}"
EndProject
Project("{9A19103F-16F7-4668-BE54-9A1E7A4F7556}") = "ShoppingSpree", "ShoppingSpree\ShoppingSpree.csproj", "{942E386D-E791-49A7-9AF9-0884F9AF7C42}"
EndProject
Project("{9A19103F-16F7-4668-BE54-9A1E7A4F7556}") = "PizzaCalories", "Pizza Calories\PizzaCalories.csproj", "{7B2BAC87-246F-4778-8780-F0868BFDEB20}"
EndProject
Project("{FAE04EC0-301F-11D3-BF4B-00C04F79EFBC}") = "FootballTeamGenerator", "FootballTeamGenerator\FootballTeamGenerator.csproj", "{3C1C15F7-8475-4076-AA17-7E2286EB2906}"
EndProject
Global
	GlobalSection(SolutionConfigurationPlatforms) = preSolution
		Debug|Any CPU = Debug|Any CPU
		Release|Any CPU = Release|Any CPU
	EndGlobalSection
	GlobalSection(ProjectConfigurationPlatforms) = postSolution
		{9F3A2AD9-BD29-4728-B2DE-DF94C86E5B2B}.Debug|Any CPU.ActiveCfg = Debug|Any CPU
		{9F3A2AD9-BD29-4728-B2DE-DF94C86E5B2B}.Debug|Any CPU.Build.0 = Debug|Any CPU
		{9F3A2AD9-BD29-4728-B2DE-DF94C86E5B2B}.Release|Any CPU.ActiveCfg = Release|Any CPU
		{9F3A2AD9-BD29-4728-B2DE-DF94C86E5B2B}.Release|Any CPU.Build.0 = Release|Any CPU
		{00A23683-3020-4997-A089-FEEBAB1D7EC7}.Debug|Any CPU.ActiveCfg = Debug|Any CPU
		{00A23683-3020-4997-A089-FEEBAB1D7EC7}.Debug|Any CPU.Build.0 = Debug|Any CPU
		{00A23683-3020-4997-A089-FEEBAB1D7EC7}.Release|Any CPU.ActiveCfg = Release|Any CPU
		{00A23683-3020-4997-A089-FEEBAB1D7EC7}.Release|Any CPU.Build.0 = Release|Any CPU
		{942E386D-E791-49A7-9AF9-0884F9AF7C42}.Debug|Any CPU.ActiveCfg = Debug|Any CPU
		{942E386D-E791-49A7-9AF9-0884F9AF7C42}.Debug|Any CPU.Build.0 = Debug|Any CPU
		{942E386D-E791-49A7-9AF9-0884F9AF7C42}.Release|Any CPU.ActiveCfg = Release|Any CPU
		{942E386D-E791-49A7-9AF9-0884F9AF7C42}.Release|Any CPU.Build.0 = Release|Any CPU
		{7B2BAC87-246F-4778-8780-F0868BFDEB20}.Debug|Any CPU.ActiveCfg = Debug|Any CPU
		{7B2BAC87-246F-4778-8780-F0868BFDEB20}.Debug|Any CPU.Build.0 = Debug|Any CPU
		{7B2BAC87-246F-4778-8780-F0868BFDEB20}.Release|Any CPU.ActiveCfg = Release|Any CPU
		{7B2BAC87-246F-4778-8780-F0868BFDEB20}.Release|Any CPU.Build.0 = Release|Any CPU
		{3C1C15F7-8475-4076-AA17-7E2286EB2906}.Debug|Any CPU.ActiveCfg = Debug|Any CPU
		{3C1C15F7-8475-4076-AA17-7E2286EB2906}.Debug|Any CPU.Build.0 = Debug|Any CPU
		{3C1C15F7-8475-4076-AA17-7E2286EB2906}.Release|Any CPU.ActiveCfg = Release|Any CPU
		{3C1C15F7-8475-4076-AA17-7E2286EB2906}.Release|Any CPU.Build.0 = Release|Any CPU
	EndGlobalSection
	GlobalSection(SolutionProperties) = preSolution
		HideSolutionNode = FALSE
	EndGlobalSection
	GlobalSection(ExtensibilityGlobals) = postSolution
		SolutionGuid = {16C6B5F8-9855-4B2E-9C91-D9E4C8A8FC04}
	EndGlobalSection
EndGlobal
