
Microsoft Visual Studio Solution File, Format Version 12.00
# Visual Studio Version 17
VisualStudioVersion = 17.4.33403.182
MinimumVisualStudioVersion = 10.0.40219.1
Project("{9A19103F-16F7-4668-BE54-9A1E7A4F7556}") = "Farm", "Farm\Farm.csproj", "{40DBF28B-0641-4E81-A00E-2D95AAB4993E}"
EndProject
Project("{FAE04EC0-301F-11D3-BF4B-00C04F79EFBC}") = "CustomRandomList", "CustomRandomList\CustomRandomList.csproj", "{949D536A-028B-4FED-A194-AE31FE269430}"
EndProject
Global
	GlobalSection(SolutionConfigurationPlatforms) = preSolution
		Debug|Any CPU = Debug|Any CPU
		Release|Any CPU = Release|Any CPU
	EndGlobalSection
	GlobalSection(ProjectConfigurationPlatforms) = postSolution
		{40DBF28B-0641-4E81-A00E-2D95AAB4993E}.Debug|Any CPU.ActiveCfg = Debug|Any CPU
		{40DBF28B-0641-4E81-A00E-2D95AAB4993E}.Debug|Any CPU.Build.0 = Debug|Any CPU
		{40DBF28B-0641-4E81-A00E-2D95AAB4993E}.Release|Any CPU.ActiveCfg = Release|Any CPU
		{40DBF28B-0641-4E81-A00E-2D95AAB4993E}.Release|Any CPU.Build.0 = Release|Any CPU
		{949D536A-028B-4FED-A194-AE31FE269430}.Debug|Any CPU.ActiveCfg = Debug|Any CPU
		{949D536A-028B-4FED-A194-AE31FE269430}.Debug|Any CPU.Build.0 = Debug|Any CPU
		{949D536A-028B-4FED-A194-AE31FE269430}.Release|Any CPU.ActiveCfg = Release|Any CPU
		{949D536A-028B-4FED-A194-AE31FE269430}.Release|Any CPU.Build.0 = Release|Any CPU
	EndGlobalSection
	GlobalSection(SolutionProperties) = preSolution
		HideSolutionNode = FALSE
	EndGlobalSection
	GlobalSection(ExtensibilityGlobals) = postSolution
		SolutionGuid = {69897992-2C13-45A0-86C5-D58FB874651A}
	EndGlobalSection
EndGlobal
