
Microsoft Visual Studio Solution File, Format Version 12.00
# Visual Studio Version 17
VisualStudioVersion = 17.5.33414.496
MinimumVisualStudioVersion = 10.0.40219.1
Project("{9A19103F-16F7-4668-BE54-9A1E7A4F7556}") = "PersonInfo", "PersonInfo\PersonInfo.csproj", "{DCCA817D-F281-4DB5-9D84-500541C1EF56}"
EndProject
Project("{9A19103F-16F7-4668-BE54-9A1E7A4F7556}") = "BorderControl", "BorderControl\BorderControl.csproj", "{AF24310A-13BD-4116-B1EA-D29DC5FBBCAF}"
EndProject
Project("{9A19103F-16F7-4668-BE54-9A1E7A4F7556}") = "Telephony", "Telephony\Telephony.csproj", "{A3D954B6-B6C7-45FF-BFCF-59BC2857632E}"
EndProject
Project("{9A19103F-16F7-4668-BE54-9A1E7A4F7556}") = "BirthdayCelebrations", "BirthdayCelebrations\BirthdayCelebrations.csproj", "{993E14EA-973F-4BFD-90EB-40466B4DD112}"
EndProject
Project("{9A19103F-16F7-4668-BE54-9A1E7A4F7556}") = "FoodShortage", "FoodShortage\FoodShortage.csproj", "{7109DCE7-F2A2-4E0B-9299-F075AB93C614}"
EndProject
Project("{FAE04EC0-301F-11D3-BF4B-00C04F79EFBC}") = "MilitaryElite", "MilitaryElite\MilitaryElite.csproj", "{B21392EC-4DFB-4153-A0C9-4BB0863666B8}"
EndProject
Global
	GlobalSection(SolutionConfigurationPlatforms) = preSolution
		Debug|Any CPU = Debug|Any CPU
		Release|Any CPU = Release|Any CPU
	EndGlobalSection
	GlobalSection(ProjectConfigurationPlatforms) = postSolution
		{DCCA817D-F281-4DB5-9D84-500541C1EF56}.Debug|Any CPU.ActiveCfg = Debug|Any CPU
		{DCCA817D-F281-4DB5-9D84-500541C1EF56}.Debug|Any CPU.Build.0 = Debug|Any CPU
		{DCCA817D-F281-4DB5-9D84-500541C1EF56}.Release|Any CPU.ActiveCfg = Release|Any CPU
		{DCCA817D-F281-4DB5-9D84-500541C1EF56}.Release|Any CPU.Build.0 = Release|Any CPU
		{AF24310A-13BD-4116-B1EA-D29DC5FBBCAF}.Debug|Any CPU.ActiveCfg = Debug|Any CPU
		{AF24310A-13BD-4116-B1EA-D29DC5FBBCAF}.Debug|Any CPU.Build.0 = Debug|Any CPU
		{AF24310A-13BD-4116-B1EA-D29DC5FBBCAF}.Release|Any CPU.ActiveCfg = Release|Any CPU
		{AF24310A-13BD-4116-B1EA-D29DC5FBBCAF}.Release|Any CPU.Build.0 = Release|Any CPU
		{A3D954B6-B6C7-45FF-BFCF-59BC2857632E}.Debug|Any CPU.ActiveCfg = Debug|Any CPU
		{A3D954B6-B6C7-45FF-BFCF-59BC2857632E}.Debug|Any CPU.Build.0 = Debug|Any CPU
		{A3D954B6-B6C7-45FF-BFCF-59BC2857632E}.Release|Any CPU.ActiveCfg = Release|Any CPU
		{A3D954B6-B6C7-45FF-BFCF-59BC2857632E}.Release|Any CPU.Build.0 = Release|Any CPU
		{993E14EA-973F-4BFD-90EB-40466B4DD112}.Debug|Any CPU.ActiveCfg = Debug|Any CPU
		{993E14EA-973F-4BFD-90EB-40466B4DD112}.Debug|Any CPU.Build.0 = Debug|Any CPU
		{993E14EA-973F-4BFD-90EB-40466B4DD112}.Release|Any CPU.ActiveCfg = Release|Any CPU
		{993E14EA-973F-4BFD-90EB-40466B4DD112}.Release|Any CPU.Build.0 = Release|Any CPU
		{7109DCE7-F2A2-4E0B-9299-F075AB93C614}.Debug|Any CPU.ActiveCfg = Debug|Any CPU
		{7109DCE7-F2A2-4E0B-9299-F075AB93C614}.Debug|Any CPU.Build.0 = Debug|Any CPU
		{7109DCE7-F2A2-4E0B-9299-F075AB93C614}.Release|Any CPU.ActiveCfg = Release|Any CPU
		{7109DCE7-F2A2-4E0B-9299-F075AB93C614}.Release|Any CPU.Build.0 = Release|Any CPU
		{B21392EC-4DFB-4153-A0C9-4BB0863666B8}.Debug|Any CPU.ActiveCfg = Debug|Any CPU
		{B21392EC-4DFB-4153-A0C9-4BB0863666B8}.Debug|Any CPU.Build.0 = Debug|Any CPU
		{B21392EC-4DFB-4153-A0C9-4BB0863666B8}.Release|Any CPU.ActiveCfg = Release|Any CPU
		{B21392EC-4DFB-4153-A0C9-4BB0863666B8}.Release|Any CPU.Build.0 = Release|Any CPU
	EndGlobalSection
	GlobalSection(SolutionProperties) = preSolution
		HideSolutionNode = FALSE
	EndGlobalSection
	GlobalSection(ExtensibilityGlobals) = postSolution
		SolutionGuid = {C4FB4FE7-A2EA-4045-B386-6A39F0E302C2}
	EndGlobalSection
EndGlobal
