
Microsoft Visual Studio Solution File, Format Version 12.00
# Visual Studio Version 17
VisualStudioVersion = 17.5.33502.453
MinimumVisualStudioVersion = 10.0.40219.1
Project("{9A19103F-16F7-4668-BE54-9A1E7A4F7556}") = "Stealer", "Stealer\Stealer.csproj", "{87043293-8715-4716-BB3D-1D78666611D6}"
EndProject
Project("{FAE04EC0-301F-11D3-BF4B-00C04F79EFBC}") = "AuthorProblem", "AuthorProblem\AuthorProblem.csproj", "{ED27D461-22AF-4944-B719-19FF35BF2D68}"
EndProject
Global
	GlobalSection(SolutionConfigurationPlatforms) = preSolution
		Debug|Any CPU = Debug|Any CPU
		Release|Any CPU = Release|Any CPU
	EndGlobalSection
	GlobalSection(ProjectConfigurationPlatforms) = postSolution
		{87043293-8715-4716-BB3D-1D78666611D6}.Debug|Any CPU.ActiveCfg = Debug|Any CPU
		{87043293-8715-4716-BB3D-1D78666611D6}.Debug|Any CPU.Build.0 = Debug|Any CPU
		{87043293-8715-4716-BB3D-1D78666611D6}.Release|Any CPU.ActiveCfg = Release|Any CPU
		{87043293-8715-4716-BB3D-1D78666611D6}.Release|Any CPU.Build.0 = Release|Any CPU
		{ED27D461-22AF-4944-B719-19FF35BF2D68}.Debug|Any CPU.ActiveCfg = Debug|Any CPU
		{ED27D461-22AF-4944-B719-19FF35BF2D68}.Debug|Any CPU.Build.0 = Debug|Any CPU
		{ED27D461-22AF-4944-B719-19FF35BF2D68}.Release|Any CPU.ActiveCfg = Release|Any CPU
		{ED27D461-22AF-4944-B719-19FF35BF2D68}.Release|Any CPU.Build.0 = Release|Any CPU
	EndGlobalSection
	GlobalSection(SolutionProperties) = preSolution
		HideSolutionNode = FALSE
	EndGlobalSection
	GlobalSection(ExtensibilityGlobals) = postSolution
		SolutionGuid = {34722F1E-3205-4638-95AF-6B5E2C8672F7}
	EndGlobalSection
EndGlobal
