
Microsoft Visual Studio Solution File, Format Version 12.00
# Visual Studio Version 17
VisualStudioVersion = 17.5.33414.496
MinimumVisualStudioVersion = 10.0.40219.1
Project("{9A19103F-16F7-4668-BE54-9A1E7A4F7556}") = "Vehicles", "Vehicles\Vehicles.csproj", "{B4ED39A1-23DF-4EA4-BB2A-CD923A7FF371}"
EndProject
Project("{9A19103F-16F7-4668-BE54-9A1E7A4F7556}") = "WildFarm", "WildFarm\WildFarm.csproj", "{FC2A9BA5-D2D7-48A2-B270-EF2D90F39932}"
EndProject
Project("{9A19103F-16F7-4668-BE54-9A1E7A4F7556}") = "VehiclesExtension", "VehiclesExtension\VehiclesExtension.csproj", "{07B41EB9-8A23-42ED-B4F4-76745A12327D}"
EndProject
Project("{FAE04EC0-301F-11D3-BF4B-00C04F79EFBC}") = "Raiding", "Raiding\Raiding.csproj", "{B1AF5914-4626-4F35-A722-C4A473CE50E5}"
EndProject
Global
	GlobalSection(SolutionConfigurationPlatforms) = preSolution
		Debug|Any CPU = Debug|Any CPU
		Release|Any CPU = Release|Any CPU
	EndGlobalSection
	GlobalSection(ProjectConfigurationPlatforms) = postSolution
		{B4ED39A1-23DF-4EA4-BB2A-CD923A7FF371}.Debug|Any CPU.ActiveCfg = Debug|Any CPU
		{B4ED39A1-23DF-4EA4-BB2A-CD923A7FF371}.Debug|Any CPU.Build.0 = Debug|Any CPU
		{B4ED39A1-23DF-4EA4-BB2A-CD923A7FF371}.Release|Any CPU.ActiveCfg = Release|Any CPU
		{B4ED39A1-23DF-4EA4-BB2A-CD923A7FF371}.Release|Any CPU.Build.0 = Release|Any CPU
		{FC2A9BA5-D2D7-48A2-B270-EF2D90F39932}.Debug|Any CPU.ActiveCfg = Debug|Any CPU
		{FC2A9BA5-D2D7-48A2-B270-EF2D90F39932}.Debug|Any CPU.Build.0 = Debug|Any CPU
		{FC2A9BA5-D2D7-48A2-B270-EF2D90F39932}.Release|Any CPU.ActiveCfg = Release|Any CPU
		{FC2A9BA5-D2D7-48A2-B270-EF2D90F39932}.Release|Any CPU.Build.0 = Release|Any CPU
		{07B41EB9-8A23-42ED-B4F4-76745A12327D}.Debug|Any CPU.ActiveCfg = Debug|Any CPU
		{07B41EB9-8A23-42ED-B4F4-76745A12327D}.Debug|Any CPU.Build.0 = Debug|Any CPU
		{07B41EB9-8A23-42ED-B4F4-76745A12327D}.Release|Any CPU.ActiveCfg = Release|Any CPU
		{07B41EB9-8A23-42ED-B4F4-76745A12327D}.Release|Any CPU.Build.0 = Release|Any CPU
		{B1AF5914-4626-4F35-A722-C4A473CE50E5}.Debug|Any CPU.ActiveCfg = Debug|Any CPU
		{B1AF5914-4626-4F35-A722-C4A473CE50E5}.Debug|Any CPU.Build.0 = Debug|Any CPU
		{B1AF5914-4626-4F35-A722-C4A473CE50E5}.Release|Any CPU.ActiveCfg = Release|Any CPU
		{B1AF5914-4626-4F35-A722-C4A473CE50E5}.Release|Any CPU.Build.0 = Release|Any CPU
	EndGlobalSection
	GlobalSection(SolutionProperties) = preSolution
		HideSolutionNode = FALSE
	EndGlobalSection
	GlobalSection(ExtensibilityGlobals) = postSolution
		SolutionGuid = {5387B515-1ED8-43F8-80BC-D3BB4A0962E8}
	EndGlobalSection
EndGlobal
