
Microsoft Visual Studio Solution File, Format Version 12.00
# Visual Studio Version 17
VisualStudioVersion = 17.6.33815.320
MinimumVisualStudioVersion = 10.0.40219.1
Project("{9A19103F-16F7-4668-BE54-9A1E7A4F7556}") = "Prototype", "Prototype\Prototype.csproj", "{23D23D44-7A0B-4A13-8405-BF31E430008C}"
EndProject
Project("{FAE04EC0-301F-11D3-BF4B-00C04F79EFBC}") = "Composite", "Composite\Composite.csproj", "{79AE1FB7-B414-408A-9FFF-EAFE1DB05354}"
EndProject
Project("{FAE04EC0-301F-11D3-BF4B-00C04F79EFBC}") = "Template", "Template\Template.csproj", "{F092D810-1B53-436C-BECF-2B439C813C28}"
EndProject
Global
	GlobalSection(SolutionConfigurationPlatforms) = preSolution
		Debug|Any CPU = Debug|Any CPU
		Release|Any CPU = Release|Any CPU
	EndGlobalSection
	GlobalSection(ProjectConfigurationPlatforms) = postSolution
		{23D23D44-7A0B-4A13-8405-BF31E430008C}.Debug|Any CPU.ActiveCfg = Debug|Any CPU
		{23D23D44-7A0B-4A13-8405-BF31E430008C}.Debug|Any CPU.Build.0 = Debug|Any CPU
		{23D23D44-7A0B-4A13-8405-BF31E430008C}.Release|Any CPU.ActiveCfg = Release|Any CPU
		{23D23D44-7A0B-4A13-8405-BF31E430008C}.Release|Any CPU.Build.0 = Release|Any CPU
		{79AE1FB7-B414-408A-9FFF-EAFE1DB05354}.Debug|Any CPU.ActiveCfg = Debug|Any CPU
		{79AE1FB7-B414-408A-9FFF-EAFE1DB05354}.Debug|Any CPU.Build.0 = Debug|Any CPU
		{79AE1FB7-B414-408A-9FFF-EAFE1DB05354}.Release|Any CPU.ActiveCfg = Release|Any CPU
		{79AE1FB7-B414-408A-9FFF-EAFE1DB05354}.Release|Any CPU.Build.0 = Release|Any CPU
		{F092D810-1B53-436C-BECF-2B439C813C28}.Debug|Any CPU.ActiveCfg = Debug|Any CPU
		{F092D810-1B53-436C-BECF-2B439C813C28}.Debug|Any CPU.Build.0 = Debug|Any CPU
		{F092D810-1B53-436C-BECF-2B439C813C28}.Release|Any CPU.ActiveCfg = Release|Any CPU
		{F092D810-1B53-436C-BECF-2B439C813C28}.Release|Any CPU.Build.0 = Release|Any CPU
	EndGlobalSection
	GlobalSection(SolutionProperties) = preSolution
		HideSolutionNode = FALSE
	EndGlobalSection
	GlobalSection(ExtensibilityGlobals) = postSolution
		SolutionGuid = {72B6D6FD-835E-410C-A470-F199D67CD948}
	EndGlobalSection
EndGlobal
