
Microsoft Visual Studio Solution File, Format Version 12.00
# Visual Studio Version 17
VisualStudioVersion = 17.6.33815.320
MinimumVisualStudioVersion = 10.0.40219.1
Project("{FAE04EC0-301F-11D3-BF4B-00C04F79EFBC}") = "Prototype", "Prototype\Prototype.csproj", "{23D23D44-7A0B-4A13-8405-BF31E430008C}"
EndProject
Global
	GlobalSection(SolutionConfigurationPlatforms) = preSolution
		Debug|Any CPU = Debug|Any CPU
		Release|Any CPU = Release|Any CPU
	EndGlobalSection
	GlobalSection(ProjectConfigurationPlatforms) = postSolution
		{23D23D44-7A0B-4A13-8405-BF31E430008C}.Debug|Any CPU.ActiveCfg = Debug|Any CPU
		{23D23D44-7A0B-4A13-8405-BF31E430008C}.Debug|Any CPU.Build.0 = Debug|Any CPU
		{23D23D44-7A0B-4A13-8405-BF31E430008C}.Release|Any CPU.ActiveCfg = Release|Any CPU
		{23D23D44-7A0B-4A13-8405-BF31E430008C}.Release|Any CPU.Build.0 = Release|Any CPU
	EndGlobalSection
	GlobalSection(SolutionProperties) = preSolution
		HideSolutionNode = FALSE
	EndGlobalSection
	GlobalSection(ExtensibilityGlobals) = postSolution
		SolutionGuid = {72B6D6FD-835E-410C-A470-F199D67CD948}
	EndGlobalSection
EndGlobal
